// !$*UTF8*$!
{
	archiveVersion = 1;
	classes = {
	};
	objectVersion = 46;
	objects = {

/* Begin PBXBuildFile section */
		BDB03E951E3F12B8002D32EB /* AppDelegate.swift in Sources */ = {isa = PBXBuildFile; fileRef = BDB03E941E3F12B8002D32EB /* AppDelegate.swift */; };
		BDB03E971E3F12B8002D32EB /* ViewController.swift in Sources */ = {isa = PBXBuildFile; fileRef = BDB03E961E3F12B8002D32EB /* ViewController.swift */; };
		BDB03E9A1E3F12B8002D32EB /* Main.storyboard in Resources */ = {isa = PBXBuildFile; fileRef = BDB03E981E3F12B8002D32EB /* Main.storyboard */; };
		BDB03E9C1E3F12B8002D32EB /* Assets.xcassets in Resources */ = {isa = PBXBuildFile; fileRef = BDB03E9B1E3F12B8002D32EB /* Assets.xcassets */; };
		BDB03E9F1E3F12B8002D32EB /* LaunchScreen.storyboard in Resources */ = {isa = PBXBuildFile; fileRef = BDB03E9D1E3F12B8002D32EB /* LaunchScreen.storyboard */; };
		BDB03EA91E3F14EC002D32EB /* UserNotifications.framework in Frameworks */ = {isa = PBXBuildFile; fileRef = BDB03EA81E3F14EC002D32EB /* UserNotifications.framework */; };
		BDB03EAB1E3F14F3002D32EB /* NotificationCenter.framework in Frameworks */ = {isa = PBXBuildFile; fileRef = BDB03EAA1E3F14F3002D32EB /* NotificationCenter.framework */; };
/* End PBXBuildFile section */

/* Begin PBXFileReference section */
		BDB03E911E3F12B8002D32EB /* DemoPushNotification.app */ = {isa = PBXFileReference; explicitFileType = wrapper.application; includeInIndex = 0; path = DemoPushNotification.app; sourceTree = BUILT_PRODUCTS_DIR; };
		BDB03E941E3F12B8002D32EB /* AppDelegate.swift */ = {isa = PBXFileReference; lastKnownFileType = sourcecode.swift; path = AppDelegate.swift; sourceTree = "<group>"; };
		BDB03E961E3F12B8002D32EB /* ViewController.swift */ = {isa = PBXFileReference; lastKnownFileType = sourcecode.swift; path = ViewController.swift; sourceTree = "<group>"; };
		BDB03E991E3F12B8002D32EB /* Base */ = {isa = PBXFileReference; lastKnownFileType = file.storyboard; name = Base; path = Base.lproj/Main.storyboard; sourceTree = "<group>"; };
		BDB03E9B1E3F12B8002D32EB /* Assets.xcassets */ = {isa = PBXFileReference; lastKnownFileType = folder.assetcatalog; path = Assets.xcassets; sourceTree = "<group>"; };
		BDB03E9E1E3F12B8002D32EB /* Base */ = {isa = PBXFileReference; lastKnownFileType = file.storyboard; name = Base; path = Base.lproj/LaunchScreen.storyboard; sourceTree = "<group>"; };
		BDB03EA01E3F12B8002D32EB /* Info.plist */ = {isa = PBXFileReference; lastKnownFileType = text.plist.xml; path = Info.plist; sourceTree = "<group>"; };
		BDB03EA71E3F1479002D32EB /* DemoPushNotification.entitlements */ = {isa = PBXFileReference; lastKnownFileType = text.plist.entitlements; path = DemoPushNotification.entitlements; sourceTree = "<group>"; };
		BDB03EA81E3F14EC002D32EB /* UserNotifications.framework */ = {isa = PBXFileReference; lastKnownFileType = wrapper.framework; name = UserNotifications.framework; path = System/Library/Frameworks/UserNotifications.framework; sourceTree = SDKROOT; };
		BDB03EAA1E3F14F3002D32EB /* NotificationCenter.framework */ = {isa = PBXFileReference; lastKnownFileType = wrapper.framework; name = NotificationCenter.framework; path = System/Library/Frameworks/NotificationCenter.framework; sourceTree = SDKROOT; };
/* End PBXFileReference section */

/* Begin PBXFrameworksBuildPhase section */
		BDB03E8E1E3F12B8002D32EB /* Frameworks */ = {
			isa = PBXFrameworksBuildPhase;
			buildActionMask = 2147483647;
			files = (
				BDB03EAB1E3F14F3002D32EB /* NotificationCenter.framework in Frameworks */,
				BDB03EA91E3F14EC002D32EB /* UserNotifications.framework in Frameworks */,
			);
			runOnlyForDeploymentPostprocessing = 0;
		};
/* End PBXFrameworksBuildPhase section */

/* Begin PBXGroup section */
		BDB03E881E3F12B8002D32EB = {
			isa = PBXGroup;
			children = (
				BDB03E931E3F12B8002D32EB /* DemoPushNotification */,
				BDB03EA61E3F1383002D32EB /* Frameworks */,
				BDB03E921E3F12B8002D32EB /* Products */,
			);
			sourceTree = "<group>";
		};
		BDB03E921E3F12B8002D32EB /* Products */ = {
			isa = PBXGroup;
			children = (
				BDB03E911E3F12B8002D32EB /* DemoPushNotification.app */,
			);
			name = Products;
			sourceTree = "<group>";
		};
		BDB03E931E3F12B8002D32EB /* DemoPushNotification */ = {
			isa = PBXGroup;
			children = (
				BDB03EA71E3F1479002D32EB /* DemoPushNotification.entitlements */,
				BDB03E941E3F12B8002D32EB /* AppDelegate.swift */,
				BDB03E961E3F12B8002D32EB /* ViewController.swift */,
				BDB03E981E3F12B8002D32EB /* Main.storyboard */,
				BDB03E9B1E3F12B8002D32EB /* Assets.xcassets */,
				BDB03E9D1E3F12B8002D32EB /* LaunchScreen.storyboard */,
				BDB03EA01E3F12B8002D32EB /* Info.plist */,
			);
			path = DemoPushNotification;
			sourceTree = "<group>";
		};
		BDB03EA61E3F1383002D32EB /* Frameworks */ = {
			isa = PBXGroup;
			children = (
				BDB03EAA1E3F14F3002D32EB /* NotificationCenter.framework */,
				BDB03EA81E3F14EC002D32EB /* UserNotifications.framework */,
			);
			name = Frameworks;
			path = DemoPushNotification/Frameworks;
			sourceTree = "<group>";
		};
/* End PBXGroup section */

/* Begin PBXNativeTarget section */
		BDB03E901E3F12B8002D32EB /* DemoPushNotification */ = {
			isa = PBXNativeTarget;
			buildConfigurationList = BDB03EA31E3F12B8002D32EB /* Build configuration list for PBXNativeTarget "DemoPushNotification" */;
			buildPhases = (
				BDB03E8D1E3F12B8002D32EB /* Sources */,
				BDB03E8E1E3F12B8002D32EB /* Frameworks */,
				BDB03E8F1E3F12B8002D32EB /* Resources */,
			);
			buildRules = (
			);
			dependencies = (
			);
			name = DemoPushNotification;
			productName = DemoPushNotification;
			productReference = BDB03E911E3F12B8002D32EB /* DemoPushNotification.app */;
			productType = "com.apple.product-type.application";
		};
/* End PBXNativeTarget section */

/* Begin PBXProject section */
		BDB03E891E3F12B8002D32EB /* Project object */ = {
			isa = PBXProject;
			attributes = {
				LastSwiftUpdateCheck = 0820;
				LastUpgradeCheck = 0820;
				ORGANIZATIONNAME = "Easy Pay";
				TargetAttributes = {
					BDB03E901E3F12B8002D32EB = {
						CreatedOnToolsVersion = 8.2.1;
						DevelopmentTeam = 8N9YWC6Z6P;
						ProvisioningStyle = Manual;
						SystemCapabilities = {
							com.apple.Push = {
								enabled = 1;
							};
						};
					};
				};
			};
			buildConfigurationList = BDB03E8C1E3F12B8002D32EB /* Build configuration list for PBXProject "DemoPushNotification" */;
			compatibilityVersion = "Xcode 3.2";
			developmentRegion = English;
			hasScannedForEncodings = 0;
			knownRegions = (
				en,
				Base,
			);
			mainGroup = BDB03E881E3F12B8002D32EB;
			productRefGroup = BDB03E921E3F12B8002D32EB /* Products */;
			projectDirPath = "";
			projectRoot = "";
			targets = (
				BDB03E901E3F12B8002D32EB /* DemoPushNotification */,
			);
		};
/* End PBXProject section */

/* Begin PBXResourcesBuildPhase section */
		BDB03E8F1E3F12B8002D32EB /* Resources */ = {
			isa = PBXResourcesBuildPhase;
			buildActionMask = 2147483647;
			files = (
				BDB03E9F1E3F12B8002D32EB /* LaunchScreen.storyboard in Resources */,
				BDB03E9C1E3F12B8002D32EB /* Assets.xcassets in Resources */,
				BDB03E9A1E3F12B8002D32EB /* Main.storyboard in Resources */,
			);
			runOnlyForDeploymentPostprocessing = 0;
		};
/* End PBXResourcesBuildPhase section */

/* Begin PBXSourcesBuildPhase section */
		BDB03E8D1E3F12B8002D32EB /* Sources */ = {
			isa = PBXSourcesBuildPhase;
			buildActionMask = 2147483647;
			files = (
				BDB03E971E3F12B8002D32EB /* ViewController.swift in Sources */,
				BDB03E951E3F12B8002D32EB /* AppDelegate.swift in Sources */,
			);
			runOnlyForDeploymentPostprocessing = 0;
		};
/* End PBXSourcesBuildPhase section */

/* Begin PBXVariantGroup section */
		BDB03E981E3F12B8002D32EB /* Main.storyboard */ = {
			isa = PBXVariantGroup;
			children = (
				BDB03E991E3F12B8002D32EB /* Base */,
			);
			name = Main.storyboard;
			sourceTree = "<group>";
		};
		BDB03E9D1E3F12B8002D32EB /* LaunchScreen.storyboard */ = {
			isa = PBXVariantGroup;
			children = (
				BDB03E9E1E3F12B8002D32EB /* Base */,
			);
			name = LaunchScreen.storyboard;
			sourceTree = "<group>";
		};
/* End PBXVariantGroup section */

/* Begin XCBuildConfiguration section */
		BDB03EA11E3F12B8002D32EB /* Debug */ = {
			isa = XCBuildConfiguration;
			buildSettings = {
				ALWAYS_SEARCH_USER_PATHS = NO;
				CLANG_ANALYZER_NONNULL = YES;
				CLANG_CXX_LANGUAGE_STANDARD = "gnu++0x";
				CLANG_CXX_LIBRARY = "libc++";
				CLANG_ENABLE_MODULES = YES;
				CLANG_ENABLE_OBJC_ARC = YES;
				CLANG_WARN_BOOL_CONVERSION = YES;
				CLANG_WARN_CONSTANT_CONVERSION = YES;
				CLANG_WARN_DIRECT_OBJC_ISA_USAGE = YES_ERROR;
				CLANG_WARN_DOCUMENTATION_COMMENTS = YES;
				CLANG_WARN_EMPTY_BODY = YES;
				CLANG_WARN_ENUM_CONVERSION = YES;
				CLANG_WARN_INFINITE_RECURSION = YES;
				CLANG_WARN_INT_CONVERSION = YES;
				CLANG_WARN_OBJC_ROOT_CLASS = YES_ERROR;
				CLANG_WARN_SUSPICIOUS_MOVE = YES;
				CLANG_WARN_UNREACHABLE_CODE = YES;
				CLANG_WARN__DUPLICATE_METHOD_MATCH = YES;
				CODE_SIGN_IDENTITY = "iPhone Developer";
				"CODE_SIGN_IDENTITY[sdk=iphoneos*]" = "iPhone Developer";
				COPY_PHASE_STRIP = NO;
				DEBUG_INFORMATION_FORMAT = dwarf;
				ENABLE_STRICT_OBJC_MSGSEND = YES;
				ENABLE_TESTABILITY = YES;
				GCC_C_LANGUAGE_STANDARD = gnu99;
				GCC_DYNAMIC_NO_PIC = NO;
				GCC_NO_COMMON_BLOCKS = YES;
				GCC_OPTIMIZATION_LEVEL = 0;
				GCC_PREPROCESSOR_DEFINITIONS = (
					"DEBUG=1",
					"$(inherited)",
				);
				GCC_WARN_64_TO_32_BIT_CONVERSION = YES;
				GCC_WARN_ABOUT_RETURN_TYPE = YES_ERROR;
				GCC_WARN_UNDECLARED_SELECTOR = YES;
				GCC_WARN_UNINITIALIZED_AUTOS = YES_AGGRESSIVE;
				GCC_WARN_UNUSED_FUNCTION = YES;
				GCC_WARN_UNUSED_VARIABLE = YES;
				IPHONEOS_DEPLOYMENT_TARGET = 8.0;
				MTL_ENABLE_DEBUG_INFO = YES;
				ONLY_ACTIVE_ARCH = YES;
				SDKROOT = iphoneos;
				SWIFT_ACTIVE_COMPILATION_CONDITIONS = DEBUG;
				SWIFT_OPTIMIZATION_LEVEL = "-Onone";
				TARGETED_DEVICE_FAMILY = "1,2";
			};
			name = Debug;
		};
		BDB03EA21E3F12B8002D32EB /* Release */ = {
			isa = XCBuildConfiguration;
			buildSettings = {
				ALWAYS_SEARCH_USER_PATHS = NO;
				CLANG_ANALYZER_NONNULL = YES;
				CLANG_CXX_LANGUAGE_STANDARD = "gnu++0x";
				CLANG_CXX_LIBRARY = "libc++";
				CLANG_ENABLE_MODULES = YES;
				CLANG_ENABLE_OBJC_ARC = YES;
				CLANG_WARN_BOOL_CONVERSION = YES;
				CLANG_WARN_CONSTANT_CONVERSION = YES;
				CLANG_WARN_DIRECT_OBJC_ISA_USAGE = YES_ERROR;
				CLANG_WARN_DOCUMENTATION_COMMENTS = YES;
				CLANG_WARN_EMPTY_BODY = YES;
				CLANG_WARN_ENUM_CONVERSION = YES;
				CLANG_WARN_INFINITE_RECURSION = YES;
				CLANG_WARN_INT_CONVERSION = YES;
				CLANG_WARN_OBJC_ROOT_CLASS = YES_ERROR;
				CLANG_WARN_SUSPICIOUS_MOVE = YES;
				CLANG_WARN_UNREACHABLE_CODE = YES;
				CLANG_WARN__DUPLICATE_METHOD_MATCH = YES;
				CODE_SIGN_IDENTITY = "iPhone Developer";
				"CODE_SIGN_IDENTITY[sdk=iphoneos*]" = "iPhone Developer";
				COPY_PHASE_STRIP = NO;
				DEBUG_INFORMATION_FORMAT = "dwarf-with-dsym";
				ENABLE_NS_ASSERTIONS = NO;
				ENABLE_STRICT_OBJC_MSGSEND = YES;
				GCC_C_LANGUAGE_STANDARD = gnu99;
				GCC_NO_COMMON_BLOCKS = YES;
				GCC_WARN_64_TO_32_BIT_CONVERSION = YES;
				GCC_WARN_ABOUT_RETURN_TYPE = YES_ERROR;
				GCC_WARN_UNDECLARED_SELECTOR = YES;
				GCC_WARN_UNINITIALIZED_AUTOS = YES_AGGRESSIVE;
				GCC_WARN_UNUSED_FUNCTION = YES;
				GCC_WARN_UNUSED_VARIABLE = YES;
				IPHONEOS_DEPLOYMENT_TARGET = 8.0;
				MTL_ENABLE_DEBUG_INFO = NO;
				SDKROOT = iphoneos;
				SWIFT_OPTIMIZATION_LEVEL = "-Owholemodule";
				TARGETED_DEVICE_FAMILY = "1,2";
				VALIDATE_PRODUCT = YES;
			};
			name = Release;
		};
		BDB03EA41E3F12B8002D32EB /* Debug */ = {
			isa = XCBuildConfiguration;
			buildSettings = {
				ASSETCATALOG_COMPILER_APPICON_NAME = AppIcon;
				CODE_SIGN_ENTITLEMENTS = DemoPushNotification/DemoPushNotification.entitlements;
				DEVELOPMENT_TEAM = 8N9YWC6Z6P;
				INFOPLIST_FILE = DemoPushNotification/Info.plist;
				IPHONEOS_DEPLOYMENT_TARGET = 8.0;
				LD_RUNPATH_SEARCH_PATHS = "$(inherited) @executable_path/Frameworks";
				PRODUCT_BUNDLE_IDENTIFIER = com.easypay.DemoPushNotification;
				PRODUCT_NAME = "$(TARGET_NAME)";
				PROVISIONING_PROFILE_SPECIFIER = DemoPushNotification;
				SWIFT_VERSION = 3.0;
			};
			name = Debug;
		};
		BDB03EA51E3F12B8002D32EB /* Release */ = {
			isa = XCBuildConfiguration;
			buildSettings = {
				ASSETCATALOG_COMPILER_APPICON_NAME = AppIcon;
				CODE_SIGN_ENTITLEMENTS = DemoPushNotification/DemoPushNotification.entitlements;
				DEVELOPMENT_TEAM = 8N9YWC6Z6P;
				INFOPLIST_FILE = DemoPushNotification/Info.plist;
				IPHONEOS_DEPLOYMENT_TARGET = 8.0;
				LD_RUNPATH_SEARCH_PATHS = "$(inherited) @executable_path/Frameworks";
				PRODUCT_BUNDLE_IDENTIFIER = com.easypay.DemoPushNotification;
				PRODUCT_NAME = "$(TARGET_NAME)";
				PROVISIONING_PROFILE_SPECIFIER = DemoPushNotification;
				SWIFT_VERSION = 3.0;
			};
			name = Release;
		};
/* End XCBuildConfiguration section */

/* Begin XCConfigurationList section */
		BDB03E8C1E3F12B8002D32EB /* Build configuration list for PBXProject "DemoPushNotification" */ = {
			isa = XCConfigurationList;
			buildConfigurations = (
				BDB03EA11E3F12B8002D32EB /* Debug */,
				BDB03EA21E3F12B8002D32EB /* Release */,
			);
			defaultConfigurationIsVisible = 0;
			defaultConfigurationName = Release;
		};
		BDB03EA31E3F12B8002D32EB /* Build configuration list for PBXNativeTarget "DemoPushNotification" */ = {
			isa = XCConfigurationList;
			buildConfigurations = (
				BDB03EA41E3F12B8002D32EB /* Debug */,
				BDB03EA51E3F12B8002D32EB /* Release */,
			);
			defaultConfigurationIsVisible = 0;
		};
/* End XCConfigurationList section */
	};
	rootObject = BDB03E891E3F12B8002D32EB /* Project object */;
}
